
Microsoft Visual Studio Solution File, Format Version 12.00
# Visual Studio 2013
VisualStudioVersion = 12.0.31101.0
MinimumVisualStudioVersion = 10.0.40219.1
Project("{FAE04EC0-301F-11D3-BF4B-00C04F79EFBC}") = "SpiralDiagonals", "SpiralDiagonals\SpiralDiagonals.csproj", "{2C66971B-5785-4AC4-B17B-41AE8BCD8790}"
EndProject
Project("{FAE04EC0-301F-11D3-BF4B-00C04F79EFBC}") = "EulerTools", "EulerTools\EulerTools.csproj", "{9F1914DB-0C84-472B-839C-26AC39369E3B}"
EndProject
Project("{FAE04EC0-301F-11D3-BF4B-00C04F79EFBC}") = "DistinctPowers", "DistinctPowers\DistinctPowers.csproj", "{0F4E6550-DBFD-4761-8FE8-2B2CF82C6D44}"
EndProject
Project("{FAE04EC0-301F-11D3-BF4B-00C04F79EFBC}") = "Tests", "Tests\Tests.csproj", "{AF50E2C1-7220-4817-BD4F-A64782397343}"
EndProject
Project("{FAE04EC0-301F-11D3-BF4B-00C04F79EFBC}") = "DigitFifthPowers", "DigitFifthPowers\DigitFifthPowers.csproj", "{6D85CBC9-97E8-452D-ACA2-9FC00EB7F0AD}"
EndProject
Project("{FAE04EC0-301F-11D3-BF4B-00C04F79EFBC}") = "PandigitalProducts", "PandigitalProducts\PandigitalProducts.csproj", "{7E0F01D4-636A-4D6B-9A4F-E45E78D1E393}"
EndProject
Project("{FAE04EC0-301F-11D3-BF4B-00C04F79EFBC}") = "DigitFactorials", "DigitFactorials\DigitFactorials.csproj", "{2ADE1340-1639-4198-9B8B-5FA94BD96AB1}"
EndProject
Project("{FAE04EC0-301F-11D3-BF4B-00C04F79EFBC}") = "CircularPrimes", "CircularPrimes\CircularPrimes.csproj", "{50F956CB-2536-49D6-A8EE-CDA46B3403F2}"
EndProject
Project("{FAE04EC0-301F-11D3-BF4B-00C04F79EFBC}") = "DoubleBasePalindromes", "DoubleBasePalindromes\DoubleBasePalindromes.csproj", "{DC79725C-AB42-4419-931C-217B55F378B2}"
EndProject
Project("{FAE04EC0-301F-11D3-BF4B-00C04F79EFBC}") = "1000DigitFibonacciNumber", "1000DigitFibonacciNumber\1000DigitFibonacciNumber.csproj", "{E585EDD1-148D-4196-B87F-65A0C90B29D1}"
EndProject
Project("{FAE04EC0-301F-11D3-BF4B-00C04F79EFBC}") = "TruncatablePrimes", "TruncatablePrimes\TruncatablePrimes.csproj", "{77E48B52-9C55-4A89-9917-491D50BDF897}"
EndProject
Project("{FAE04EC0-301F-11D3-BF4B-00C04F79EFBC}") = "PandigitalMultiples", "PandigitalMultiples\PandigitalMultiples.csproj", "{09C4CC20-1D89-43D8-9D16-3454CE348D80}"
EndProject
Global
	GlobalSection(SolutionConfigurationPlatforms) = preSolution
		Debug|Any CPU = Debug|Any CPU
		Release 2.0|Any CPU = Release 2.0|Any CPU
		Release|Any CPU = Release|Any CPU
	EndGlobalSection
	GlobalSection(ProjectConfigurationPlatforms) = postSolution
		{2C66971B-5785-4AC4-B17B-41AE8BCD8790}.Debug|Any CPU.ActiveCfg = Debug|Any CPU
		{2C66971B-5785-4AC4-B17B-41AE8BCD8790}.Debug|Any CPU.Build.0 = Debug|Any CPU
		{2C66971B-5785-4AC4-B17B-41AE8BCD8790}.Release 2.0|Any CPU.ActiveCfg = Release|Any CPU
		{2C66971B-5785-4AC4-B17B-41AE8BCD8790}.Release 2.0|Any CPU.Build.0 = Release|Any CPU
		{2C66971B-5785-4AC4-B17B-41AE8BCD8790}.Release|Any CPU.ActiveCfg = Release|Any CPU
		{2C66971B-5785-4AC4-B17B-41AE8BCD8790}.Release|Any CPU.Build.0 = Release|Any CPU
		{9F1914DB-0C84-472B-839C-26AC39369E3B}.Debug|Any CPU.ActiveCfg = Debug|Any CPU
		{9F1914DB-0C84-472B-839C-26AC39369E3B}.Debug|Any CPU.Build.0 = Debug|Any CPU
		{9F1914DB-0C84-472B-839C-26AC39369E3B}.Release 2.0|Any CPU.ActiveCfg = Release|Any CPU
		{9F1914DB-0C84-472B-839C-26AC39369E3B}.Release 2.0|Any CPU.Build.0 = Release|Any CPU
		{9F1914DB-0C84-472B-839C-26AC39369E3B}.Release|Any CPU.ActiveCfg = Release|Any CPU
		{9F1914DB-0C84-472B-839C-26AC39369E3B}.Release|Any CPU.Build.0 = Release|Any CPU
		{0F4E6550-DBFD-4761-8FE8-2B2CF82C6D44}.Debug|Any CPU.ActiveCfg = Debug|Any CPU
		{0F4E6550-DBFD-4761-8FE8-2B2CF82C6D44}.Debug|Any CPU.Build.0 = Debug|Any CPU
		{0F4E6550-DBFD-4761-8FE8-2B2CF82C6D44}.Release 2.0|Any CPU.ActiveCfg = Release|Any CPU
		{0F4E6550-DBFD-4761-8FE8-2B2CF82C6D44}.Release 2.0|Any CPU.Build.0 = Release|Any CPU
		{0F4E6550-DBFD-4761-8FE8-2B2CF82C6D44}.Release|Any CPU.ActiveCfg = Release|Any CPU
		{0F4E6550-DBFD-4761-8FE8-2B2CF82C6D44}.Release|Any CPU.Build.0 = Release|Any CPU
		{AF50E2C1-7220-4817-BD4F-A64782397343}.Debug|Any CPU.ActiveCfg = Debug|Any CPU
		{AF50E2C1-7220-4817-BD4F-A64782397343}.Debug|Any CPU.Build.0 = Debug|Any CPU
		{AF50E2C1-7220-4817-BD4F-A64782397343}.Release 2.0|Any CPU.ActiveCfg = Release|Any CPU
		{AF50E2C1-7220-4817-BD4F-A64782397343}.Release 2.0|Any CPU.Build.0 = Release|Any CPU
		{AF50E2C1-7220-4817-BD4F-A64782397343}.Release|Any CPU.ActiveCfg = Release|Any CPU
		{AF50E2C1-7220-4817-BD4F-A64782397343}.Release|Any CPU.Build.0 = Release|Any CPU
		{6D85CBC9-97E8-452D-ACA2-9FC00EB7F0AD}.Debug|Any CPU.ActiveCfg = Debug|Any CPU
		{6D85CBC9-97E8-452D-ACA2-9FC00EB7F0AD}.Debug|Any CPU.Build.0 = Debug|Any CPU
		{6D85CBC9-97E8-452D-ACA2-9FC00EB7F0AD}.Release 2.0|Any CPU.ActiveCfg = Release|Any CPU
		{6D85CBC9-97E8-452D-ACA2-9FC00EB7F0AD}.Release 2.0|Any CPU.Build.0 = Release|Any CPU
		{6D85CBC9-97E8-452D-ACA2-9FC00EB7F0AD}.Release|Any CPU.ActiveCfg = Release|Any CPU
		{6D85CBC9-97E8-452D-ACA2-9FC00EB7F0AD}.Release|Any CPU.Build.0 = Release|Any CPU
		{7E0F01D4-636A-4D6B-9A4F-E45E78D1E393}.Debug|Any CPU.ActiveCfg = Debug|Any CPU
		{7E0F01D4-636A-4D6B-9A4F-E45E78D1E393}.Debug|Any CPU.Build.0 = Debug|Any CPU
		{7E0F01D4-636A-4D6B-9A4F-E45E78D1E393}.Release 2.0|Any CPU.ActiveCfg = Release|Any CPU
		{7E0F01D4-636A-4D6B-9A4F-E45E78D1E393}.Release 2.0|Any CPU.Build.0 = Release|Any CPU
		{7E0F01D4-636A-4D6B-9A4F-E45E78D1E393}.Release|Any CPU.ActiveCfg = Release|Any CPU
		{7E0F01D4-636A-4D6B-9A4F-E45E78D1E393}.Release|Any CPU.Build.0 = Release|Any CPU
		{2ADE1340-1639-4198-9B8B-5FA94BD96AB1}.Debug|Any CPU.ActiveCfg = Debug|Any CPU
		{2ADE1340-1639-4198-9B8B-5FA94BD96AB1}.Debug|Any CPU.Build.0 = Debug|Any CPU
		{2ADE1340-1639-4198-9B8B-5FA94BD96AB1}.Release 2.0|Any CPU.ActiveCfg = Release|Any CPU
		{2ADE1340-1639-4198-9B8B-5FA94BD96AB1}.Release 2.0|Any CPU.Build.0 = Release|Any CPU
		{2ADE1340-1639-4198-9B8B-5FA94BD96AB1}.Release|Any CPU.ActiveCfg = Release|Any CPU
		{2ADE1340-1639-4198-9B8B-5FA94BD96AB1}.Release|Any CPU.Build.0 = Release|Any CPU
		{50F956CB-2536-49D6-A8EE-CDA46B3403F2}.Debug|Any CPU.ActiveCfg = Debug|Any CPU
		{50F956CB-2536-49D6-A8EE-CDA46B3403F2}.Debug|Any CPU.Build.0 = Debug|Any CPU
		{50F956CB-2536-49D6-A8EE-CDA46B3403F2}.Release 2.0|Any CPU.ActiveCfg = Release|Any CPU
		{50F956CB-2536-49D6-A8EE-CDA46B3403F2}.Release 2.0|Any CPU.Build.0 = Release|Any CPU
		{50F956CB-2536-49D6-A8EE-CDA46B3403F2}.Release|Any CPU.ActiveCfg = Release|Any CPU
		{50F956CB-2536-49D6-A8EE-CDA46B3403F2}.Release|Any CPU.Build.0 = Release|Any CPU
		{DC79725C-AB42-4419-931C-217B55F378B2}.Debug|Any CPU.ActiveCfg = Debug|Any CPU
		{DC79725C-AB42-4419-931C-217B55F378B2}.Debug|Any CPU.Build.0 = Debug|Any CPU
		{DC79725C-AB42-4419-931C-217B55F378B2}.Release 2.0|Any CPU.ActiveCfg = Release|Any CPU
		{DC79725C-AB42-4419-931C-217B55F378B2}.Release 2.0|Any CPU.Build.0 = Release|Any CPU
		{DC79725C-AB42-4419-931C-217B55F378B2}.Release|Any CPU.ActiveCfg = Release|Any CPU
		{DC79725C-AB42-4419-931C-217B55F378B2}.Release|Any CPU.Build.0 = Release|Any CPU
		{E585EDD1-148D-4196-B87F-65A0C90B29D1}.Debug|Any CPU.ActiveCfg = Debug|Any CPU
		{E585EDD1-148D-4196-B87F-65A0C90B29D1}.Debug|Any CPU.Build.0 = Debug|Any CPU
		{E585EDD1-148D-4196-B87F-65A0C90B29D1}.Release 2.0|Any CPU.ActiveCfg = Release|Any CPU
		{E585EDD1-148D-4196-B87F-65A0C90B29D1}.Release 2.0|Any CPU.Build.0 = Release|Any CPU
		{E585EDD1-148D-4196-B87F-65A0C90B29D1}.Release|Any CPU.ActiveCfg = Release|Any CPU
		{E585EDD1-148D-4196-B87F-65A0C90B29D1}.Release|Any CPU.Build.0 = Release|Any CPU
		{77E48B52-9C55-4A89-9917-491D50BDF897}.Debug|Any CPU.ActiveCfg = Debug|Any CPU
		{77E48B52-9C55-4A89-9917-491D50BDF897}.Debug|Any CPU.Build.0 = Debug|Any CPU
		{77E48B52-9C55-4A89-9917-491D50BDF897}.Release 2.0|Any CPU.ActiveCfg = Release|Any CPU
		{77E48B52-9C55-4A89-9917-491D50BDF897}.Release 2.0|Any CPU.Build.0 = Release|Any CPU
		{77E48B52-9C55-4A89-9917-491D50BDF897}.Release|Any CPU.ActiveCfg = Release|Any CPU
		{77E48B52-9C55-4A89-9917-491D50BDF897}.Release|Any CPU.Build.0 = Release|Any CPU
		{09C4CC20-1D89-43D8-9D16-3454CE348D80}.Debug|Any CPU.ActiveCfg = Debug|Any CPU
		{09C4CC20-1D89-43D8-9D16-3454CE348D80}.Debug|Any CPU.Build.0 = Debug|Any CPU
		{09C4CC20-1D89-43D8-9D16-3454CE348D80}.Release 2.0|Any CPU.ActiveCfg = Release|Any CPU
		{09C4CC20-1D89-43D8-9D16-3454CE348D80}.Release 2.0|Any CPU.Build.0 = Release|Any CPU
		{09C4CC20-1D89-43D8-9D16-3454CE348D80}.Release|Any CPU.ActiveCfg = Release|Any CPU
		{09C4CC20-1D89-43D8-9D16-3454CE348D80}.Release|Any CPU.Build.0 = Release|Any CPU
	EndGlobalSection
	GlobalSection(SolutionProperties) = preSolution
		HideSolutionNode = FALSE
	EndGlobalSection
EndGlobal
